// !$*UTF8*$!
{
	archiveVersion = 1;
	classes = {
	};
	objectVersion = 46;
	objects = {

/* Begin PBXBuildFile section */
		931838861E2736B0004F018D /* NotePreviewViewController.swift in Sources */ = {isa = PBXBuildFile; fileRef = 931838851E2736B0004F018D /* NotePreviewViewController.swift */; };
		9318388A1E274DBA004F018D /* MarkdownHelpViewController.swift in Sources */ = {isa = PBXBuildFile; fileRef = 931838891E274DBA004F018D /* MarkdownHelpViewController.swift */; };
		931838901E289602004F018D /* z_line.sqlite in Resources */ = {isa = PBXBuildFile; fileRef = 9318388F1E289602004F018D /* z_line.sqlite */; };
		931838941E292B6D004F018D /* NoteManagement.swift in Sources */ = {isa = PBXBuildFile; fileRef = 931838931E292B6D004F018D /* NoteManagement.swift */; };
		936653811E2AE163008A9A7C /* NoteTextViewController.swift in Sources */ = {isa = PBXBuildFile; fileRef = 936653801E2AE163008A9A7C /* NoteTextViewController.swift */; };
		936653841E2AF54A008A9A7C /* markdown-help.html in Resources */ = {isa = PBXBuildFile; fileRef = 936653831E2AF54A008A9A7C /* markdown-help.html */; };
		936653861E2B029B008A9A7C /* markdown.css in Resources */ = {isa = PBXBuildFile; fileRef = 936653851E2B029B008A9A7C /* markdown.css */; };
		9366538C1E2B2381008A9A7C /* MarkdownKeyboard.xib in Resources */ = {isa = PBXBuildFile; fileRef = 9366538B1E2B2381008A9A7C /* MarkdownKeyboard.xib */; };
		9366538E1E2B2F6E008A9A7C /* MarkdownUIButton.swift in Sources */ = {isa = PBXBuildFile; fileRef = 9366538D1E2B2F6E008A9A7C /* MarkdownUIButton.swift */; };
		936653921E2B3318008A9A7C /* MarkdownKeyboardUIView.swift in Sources */ = {isa = PBXBuildFile; fileRef = 936653911E2B3318008A9A7C /* MarkdownKeyboardUIView.swift */; };
		936653941E2B548E008A9A7C /* NoteTableViewCell.swift in Sources */ = {isa = PBXBuildFile; fileRef = 936653931E2B548E008A9A7C /* NoteTableViewCell.swift */; };
		936653961E2B611B008A9A7C /* table-cell.css in Resources */ = {isa = PBXBuildFile; fileRef = 936653951E2B611B008A9A7C /* table-cell.css */; };
		9378164C1E2CB2AA000DBEF0 /* Shortcuts.swift in Sources */ = {isa = PBXBuildFile; fileRef = 9378164B1E2CB2AA000DBEF0 /* Shortcuts.swift */; };
		93AD10771E2983F10046D30E /* Markingbird.swift in Sources */ = {isa = PBXBuildFile; fileRef = 93AD10761E2983F10046D30E /* Markingbird.swift */; };
		93AD107A1E299A410046D30E /* modest-m.css in Resources */ = {isa = PBXBuildFile; fileRef = 93AD10791E299A410046D30E /* modest-m.css */; };
		93EC73591E25DE040068EB1D /* AppDelegate.swift in Sources */ = {isa = PBXBuildFile; fileRef = 93EC73581E25DE040068EB1D /* AppDelegate.swift */; };
		93EC735E1E25DE040068EB1D /* Main.storyboard in Resources */ = {isa = PBXBuildFile; fileRef = 93EC735C1E25DE040068EB1D /* Main.storyboard */; };
		93EC73611E25DE040068EB1D /* z_line.xcdatamodeld in Sources */ = {isa = PBXBuildFile; fileRef = 93EC735F1E25DE040068EB1D /* z_line.xcdatamodeld */; };
		93EC73631E25DE040068EB1D /* Assets.xcassets in Resources */ = {isa = PBXBuildFile; fileRef = 93EC73621E25DE040068EB1D /* Assets.xcassets */; };
		93EC73661E25DE040068EB1D /* LaunchScreen.storyboard in Resources */ = {isa = PBXBuildFile; fileRef = 93EC73641E25DE040068EB1D /* LaunchScreen.storyboard */; };
		93EC73711E25DE050068EB1D /* z_lineTests.swift in Sources */ = {isa = PBXBuildFile; fileRef = 93EC73701E25DE050068EB1D /* z_lineTests.swift */; };
		93EC737C1E2706760068EB1D /* Utilities.swift in Sources */ = {isa = PBXBuildFile; fileRef = 93EC737B1E2706760068EB1D /* Utilities.swift */; };
		93EC737E1E2711D70068EB1D /* NoteTableViewController.swift in Sources */ = {isa = PBXBuildFile; fileRef = 93EC737D1E2711D70068EB1D /* NoteTableViewController.swift */; };
		EBEBAC5C2C74A923FF95A438 /* Pods_z_line.framework in Frameworks */ = {isa = PBXBuildFile; fileRef = 81B9E14C2207AB99D4623C37 /* Pods_z_line.framework */; };
/* End PBXBuildFile section */

/* Begin PBXContainerItemProxy section */
		93EC736D1E25DE050068EB1D /* PBXContainerItemProxy */ = {
			isa = PBXContainerItemProxy;
			containerPortal = 93EC734D1E25DE040068EB1D /* Project object */;
			proxyType = 1;
			remoteGlobalIDString = 93EC73541E25DE040068EB1D;
			remoteInfo = "z-line";
		};
/* End PBXContainerItemProxy section */

/* Begin PBXFileReference section */
		81B9E14C2207AB99D4623C37 /* Pods_z_line.framework */ = {isa = PBXFileReference; explicitFileType = wrapper.framework; includeInIndex = 0; path = Pods_z_line.framework; sourceTree = BUILT_PRODUCTS_DIR; };
		92063A1A29F067C69A71404E /* Pods-z-line.debug.xcconfig */ = {isa = PBXFileReference; includeInIndex = 1; lastKnownFileType = text.xcconfig; name = "Pods-z-line.debug.xcconfig"; path = "Pods/Target Support Files/Pods-z-line/Pods-z-line.debug.xcconfig"; sourceTree = "<group>"; };
		931838851E2736B0004F018D /* NotePreviewViewController.swift */ = {isa = PBXFileReference; fileEncoding = 4; lastKnownFileType = sourcecode.swift; path = NotePreviewViewController.swift; sourceTree = "<group>"; };
		931838891E274DBA004F018D /* MarkdownHelpViewController.swift */ = {isa = PBXFileReference; fileEncoding = 4; lastKnownFileType = sourcecode.swift; path = MarkdownHelpViewController.swift; sourceTree = "<group>"; };
		9318388F1E289602004F018D /* z_line.sqlite */ = {isa = PBXFileReference; fileEncoding = 4; lastKnownFileType = text; path = z_line.sqlite; sourceTree = "<group>"; };
		931838931E292B6D004F018D /* NoteManagement.swift */ = {isa = PBXFileReference; fileEncoding = 4; lastKnownFileType = sourcecode.swift; path = NoteManagement.swift; sourceTree = "<group>"; };
		936653801E2AE163008A9A7C /* NoteTextViewController.swift */ = {isa = PBXFileReference; fileEncoding = 4; lastKnownFileType = sourcecode.swift; path = NoteTextViewController.swift; sourceTree = "<group>"; };
		936653831E2AF54A008A9A7C /* markdown-help.html */ = {isa = PBXFileReference; fileEncoding = 4; lastKnownFileType = text.html; path = "markdown-help.html"; sourceTree = "<group>"; };
		936653851E2B029B008A9A7C /* markdown.css */ = {isa = PBXFileReference; fileEncoding = 4; lastKnownFileType = text.css; path = markdown.css; sourceTree = "<group>"; };
		9366538B1E2B2381008A9A7C /* MarkdownKeyboard.xib */ = {isa = PBXFileReference; fileEncoding = 4; lastKnownFileType = file.xib; path = MarkdownKeyboard.xib; sourceTree = "<group>"; };
		9366538D1E2B2F6E008A9A7C /* MarkdownUIButton.swift */ = {isa = PBXFileReference; fileEncoding = 4; lastKnownFileType = sourcecode.swift; path = MarkdownUIButton.swift; sourceTree = "<group>"; };
		936653911E2B3318008A9A7C /* MarkdownKeyboardUIView.swift */ = {isa = PBXFileReference; fileEncoding = 4; lastKnownFileType = sourcecode.swift; path = MarkdownKeyboardUIView.swift; sourceTree = "<group>"; };
		936653931E2B548E008A9A7C /* NoteTableViewCell.swift */ = {isa = PBXFileReference; fileEncoding = 4; lastKnownFileType = sourcecode.swift; path = NoteTableViewCell.swift; sourceTree = "<group>"; };
		936653951E2B611B008A9A7C /* table-cell.css */ = {isa = PBXFileReference; fileEncoding = 4; lastKnownFileType = text.css; path = "table-cell.css"; sourceTree = "<group>"; };
		9378164B1E2CB2AA000DBEF0 /* Shortcuts.swift */ = {isa = PBXFileReference; fileEncoding = 4; lastKnownFileType = sourcecode.swift; path = Shortcuts.swift; sourceTree = "<group>"; };
		93AD10761E2983F10046D30E /* Markingbird.swift */ = {isa = PBXFileReference; fileEncoding = 4; lastKnownFileType = sourcecode.swift; path = Markingbird.swift; sourceTree = "<group>"; };
		93AD10791E299A410046D30E /* modest-m.css */ = {isa = PBXFileReference; fileEncoding = 4; lastKnownFileType = text.css; path = "modest-m.css"; sourceTree = "<group>"; };
		93EC73551E25DE040068EB1D /* z-line.app */ = {isa = PBXFileReference; explicitFileType = wrapper.application; includeInIndex = 0; path = "z-line.app"; sourceTree = BUILT_PRODUCTS_DIR; };
		93EC73581E25DE040068EB1D /* AppDelegate.swift */ = {isa = PBXFileReference; lastKnownFileType = sourcecode.swift; path = AppDelegate.swift; sourceTree = "<group>"; };
		93EC735D1E25DE040068EB1D /* Base */ = {isa = PBXFileReference; lastKnownFileType = file.storyboard; name = Base; path = Base.lproj/Main.storyboard; sourceTree = "<group>"; };
		93EC73601E25DE040068EB1D /* z_line.xcdatamodel */ = {isa = PBXFileReference; lastKnownFileType = wrapper.xcdatamodel; path = z_line.xcdatamodel; sourceTree = "<group>"; };
		93EC73621E25DE040068EB1D /* Assets.xcassets */ = {isa = PBXFileReference; lastKnownFileType = folder.assetcatalog; path = Assets.xcassets; sourceTree = "<group>"; };
		93EC73651E25DE040068EB1D /* Base */ = {isa = PBXFileReference; lastKnownFileType = file.storyboard; name = Base; path = Base.lproj/LaunchScreen.storyboard; sourceTree = "<group>"; };
		93EC73671E25DE040068EB1D /* Info.plist */ = {isa = PBXFileReference; lastKnownFileType = text.plist.xml; path = Info.plist; sourceTree = "<group>"; };
		93EC736C1E25DE050068EB1D /* z-lineTests.xctest */ = {isa = PBXFileReference; explicitFileType = wrapper.cfbundle; includeInIndex = 0; path = "z-lineTests.xctest"; sourceTree = BUILT_PRODUCTS_DIR; };
		93EC73701E25DE050068EB1D /* z_lineTests.swift */ = {isa = PBXFileReference; lastKnownFileType = sourcecode.swift; path = z_lineTests.swift; sourceTree = "<group>"; };
		93EC73721E25DE050068EB1D /* Info.plist */ = {isa = PBXFileReference; lastKnownFileType = text.plist.xml; path = Info.plist; sourceTree = "<group>"; };
		93EC737B1E2706760068EB1D /* Utilities.swift */ = {isa = PBXFileReference; fileEncoding = 4; lastKnownFileType = sourcecode.swift; path = Utilities.swift; sourceTree = "<group>"; };
		93EC737D1E2711D70068EB1D /* NoteTableViewController.swift */ = {isa = PBXFileReference; fileEncoding = 4; lastKnownFileType = sourcecode.swift; path = NoteTableViewController.swift; sourceTree = "<group>"; };
		E6677CEC5ED325849C329196 /* Pods-z-line.release.xcconfig */ = {isa = PBXFileReference; includeInIndex = 1; lastKnownFileType = text.xcconfig; name = "Pods-z-line.release.xcconfig"; path = "Pods/Target Support Files/Pods-z-line/Pods-z-line.release.xcconfig"; sourceTree = "<group>"; };
/* End PBXFileReference section */

/* Begin PBXFrameworksBuildPhase section */
		93EC73521E25DE040068EB1D /* Frameworks */ = {
			isa = PBXFrameworksBuildPhase;
			buildActionMask = 2147483647;
			files = (
				EBEBAC5C2C74A923FF95A438 /* Pods_z_line.framework in Frameworks */,
			);
			runOnlyForDeploymentPostprocessing = 0;
		};
		93EC73691E25DE050068EB1D /* Frameworks */ = {
			isa = PBXFrameworksBuildPhase;
			buildActionMask = 2147483647;
			files = (
			);
			runOnlyForDeploymentPostprocessing = 0;
		};
/* End PBXFrameworksBuildPhase section */

/* Begin PBXGroup section */
		936653821E2AED53008A9A7C /* html */ = {
			isa = PBXGroup;
			children = (
				936653831E2AF54A008A9A7C /* markdown-help.html */,
			);
			name = html;
			sourceTree = "<group>";
		};
		93AD10781E299A320046D30E /* css */ = {
			isa = PBXGroup;
			children = (
				936653951E2B611B008A9A7C /* table-cell.css */,
				936653851E2B029B008A9A7C /* markdown.css */,
				93AD10791E299A410046D30E /* modest-m.css */,
			);
			name = css;
			sourceTree = "<group>";
		};
		93EC734C1E25DE040068EB1D = {
			isa = PBXGroup;
			children = (
				93EC73571E25DE040068EB1D /* z-line */,
				93EC736F1E25DE050068EB1D /* z-lineTests */,
				93EC73561E25DE040068EB1D /* Products */,
				FD02063E8CB741EE0171453F /* Pods */,
				D4D37796D4DEF25D63511B15 /* Frameworks */,
			);
			sourceTree = "<group>";
		};
		93EC73561E25DE040068EB1D /* Products */ = {
			isa = PBXGroup;
			children = (
				93EC73551E25DE040068EB1D /* z-line.app */,
				93EC736C1E25DE050068EB1D /* z-lineTests.xctest */,
			);
			name = Products;
			sourceTree = "<group>";
		};
		93EC73571E25DE040068EB1D /* z-line */ = {
			isa = PBXGroup;
			children = (
				936653821E2AED53008A9A7C /* html */,
				93AD10781E299A320046D30E /* css */,
				9318388F1E289602004F018D /* z_line.sqlite */,
				931838891E274DBA004F018D /* MarkdownHelpViewController.swift */,
				93EC73581E25DE040068EB1D /* AppDelegate.swift */,
				93EC735C1E25DE040068EB1D /* Main.storyboard */,
				93EC73621E25DE040068EB1D /* Assets.xcassets */,
				93EC73641E25DE040068EB1D /* LaunchScreen.storyboard */,
				93EC73671E25DE040068EB1D /* Info.plist */,
				93EC735F1E25DE040068EB1D /* z_line.xcdatamodeld */,
				936653931E2B548E008A9A7C /* NoteTableViewCell.swift */,
				93EC737B1E2706760068EB1D /* Utilities.swift */,
				936653801E2AE163008A9A7C /* NoteTextViewController.swift */,
				93EC737D1E2711D70068EB1D /* NoteTableViewController.swift */,
				931838851E2736B0004F018D /* NotePreviewViewController.swift */,
				931838931E292B6D004F018D /* NoteManagement.swift */,
				93AD10761E2983F10046D30E /* Markingbird.swift */,
				9366538B1E2B2381008A9A7C /* MarkdownKeyboard.xib */,
				9366538D1E2B2F6E008A9A7C /* MarkdownUIButton.swift */,
				936653911E2B3318008A9A7C /* MarkdownKeyboardUIView.swift */,
				9378164B1E2CB2AA000DBEF0 /* Shortcuts.swift */,
			);
			path = "z-line";
			sourceTree = "<group>";
		};
		93EC736F1E25DE050068EB1D /* z-lineTests */ = {
			isa = PBXGroup;
			children = (
				93EC73701E25DE050068EB1D /* z_lineTests.swift */,
				93EC73721E25DE050068EB1D /* Info.plist */,
			);
			path = "z-lineTests";
			sourceTree = "<group>";
		};
		D4D37796D4DEF25D63511B15 /* Frameworks */ = {
			isa = PBXGroup;
			children = (
				81B9E14C2207AB99D4623C37 /* Pods_z_line.framework */,
			);
			name = Frameworks;
			sourceTree = "<group>";
		};
		FD02063E8CB741EE0171453F /* Pods */ = {
			isa = PBXGroup;
			children = (
				92063A1A29F067C69A71404E /* Pods-z-line.debug.xcconfig */,
				E6677CEC5ED325849C329196 /* Pods-z-line.release.xcconfig */,
			);
			name = Pods;
			sourceTree = "<group>";
		};
/* End PBXGroup section */

/* Begin PBXNativeTarget section */
		93EC73541E25DE040068EB1D /* z-line */ = {
			isa = PBXNativeTarget;
			buildConfigurationList = 93EC73751E25DE050068EB1D /* Build configuration list for PBXNativeTarget "z-line" */;
			buildPhases = (
				F3CB9829B8C017EB9A0B4CAD /* [CP] Check Pods Manifest.lock */,
				93EC73511E25DE040068EB1D /* Sources */,
				93EC73521E25DE040068EB1D /* Frameworks */,
				93EC73531E25DE040068EB1D /* Resources */,
				625E498448C4022F2FF82E9C /* [CP] Embed Pods Frameworks */,
				F58B0864175F16EA5E42A396 /* [CP] Copy Pods Resources */,
			);
			buildRules = (
			);
			dependencies = (
			);
			name = "z-line";
			productName = "z-line";
			productReference = 93EC73551E25DE040068EB1D /* z-line.app */;
			productType = "com.apple.product-type.application";
		};
		93EC736B1E25DE050068EB1D /* z-lineTests */ = {
			isa = PBXNativeTarget;
			buildConfigurationList = 93EC73781E25DE050068EB1D /* Build configuration list for PBXNativeTarget "z-lineTests" */;
			buildPhases = (
				93EC73681E25DE050068EB1D /* Sources */,
				93EC73691E25DE050068EB1D /* Frameworks */,
				93EC736A1E25DE050068EB1D /* Resources */,
			);
			buildRules = (
			);
			dependencies = (
				93EC736E1E25DE050068EB1D /* PBXTargetDependency */,
			);
			name = "z-lineTests";
			productName = "z-lineTests";
			productReference = 93EC736C1E25DE050068EB1D /* z-lineTests.xctest */;
			productType = "com.apple.product-type.bundle.unit-test";
		};
/* End PBXNativeTarget section */

/* Begin PBXProject section */
		93EC734D1E25DE040068EB1D /* Project object */ = {
			isa = PBXProject;
			attributes = {
				LastSwiftUpdateCheck = 0820;
				LastUpgradeCheck = 0820;
				ORGANIZATIONNAME = "Aaron Markey";
				TargetAttributes = {
					93EC73541E25DE040068EB1D = {
						CreatedOnToolsVersion = 8.2.1;
						DevelopmentTeam = 9PPF82D26L;
						ProvisioningStyle = Automatic;
					};
					93EC736B1E25DE050068EB1D = {
						CreatedOnToolsVersion = 8.2.1;
						DevelopmentTeam = 9PPF82D26L;
						ProvisioningStyle = Automatic;
						TestTargetID = 93EC73541E25DE040068EB1D;
					};
				};
			};
			buildConfigurationList = 93EC73501E25DE040068EB1D /* Build configuration list for PBXProject "z-line" */;
			compatibilityVersion = "Xcode 3.2";
			developmentRegion = English;
			hasScannedForEncodings = 0;
			knownRegions = (
				en,
				Base,
			);
			mainGroup = 93EC734C1E25DE040068EB1D;
			productRefGroup = 93EC73561E25DE040068EB1D /* Products */;
			projectDirPath = "";
			projectRoot = "";
			targets = (
				93EC73541E25DE040068EB1D /* z-line */,
				93EC736B1E25DE050068EB1D /* z-lineTests */,
			);
		};
/* End PBXProject section */

/* Begin PBXResourcesBuildPhase section */
		93EC73531E25DE040068EB1D /* Resources */ = {
			isa = PBXResourcesBuildPhase;
			buildActionMask = 2147483647;
			files = (
				93EC73661E25DE040068EB1D /* LaunchScreen.storyboard in Resources */,
				9366538C1E2B2381008A9A7C /* MarkdownKeyboard.xib in Resources */,
				93EC73631E25DE040068EB1D /* Assets.xcassets in Resources */,
				93AD107A1E299A410046D30E /* modest-m.css in Resources */,
				931838901E289602004F018D /* z_line.sqlite in Resources */,
				936653841E2AF54A008A9A7C /* markdown-help.html in Resources */,
				936653961E2B611B008A9A7C /* table-cell.css in Resources */,
				93EC735E1E25DE040068EB1D /* Main.storyboard in Resources */,
				936653861E2B029B008A9A7C /* markdown.css in Resources */,
			);
			runOnlyForDeploymentPostprocessing = 0;
		};
		93EC736A1E25DE050068EB1D /* Resources */ = {
			isa = PBXResourcesBuildPhase;
			buildActionMask = 2147483647;
			files = (
			);
			runOnlyForDeploymentPostprocessing = 0;
		};
/* End PBXResourcesBuildPhase section */

/* Begin PBXShellScriptBuildPhase section */
		625E498448C4022F2FF82E9C /* [CP] Embed Pods Frameworks */ = {
			isa = PBXShellScriptBuildPhase;
			buildActionMask = 2147483647;
			files = (
			);
			inputPaths = (
			);
			name = "[CP] Embed Pods Frameworks";
			outputPaths = (
			);
			runOnlyForDeploymentPostprocessing = 0;
			shellPath = /bin/sh;
			shellScript = "\"${SRCROOT}/Pods/Target Support Files/Pods-z-line/Pods-z-line-frameworks.sh\"\n";
			showEnvVarsInLog = 0;
		};
		F3CB9829B8C017EB9A0B4CAD /* [CP] Check Pods Manifest.lock */ = {
			isa = PBXShellScriptBuildPhase;
			buildActionMask = 2147483647;
			files = (
			);
			inputPaths = (
			);
			name = "[CP] Check Pods Manifest.lock";
			outputPaths = (
			);
			runOnlyForDeploymentPostprocessing = 0;
			shellPath = /bin/sh;
			shellScript = "diff \"${PODS_ROOT}/../Podfile.lock\" \"${PODS_ROOT}/Manifest.lock\" > /dev/null\nif [ $? != 0 ] ; then\n    # print error to STDERR\n    echo \"error: The sandbox is not in sync with the Podfile.lock. Run 'pod install' or update your CocoaPods installation.\" >&2\n    exit 1\nfi\n";
			showEnvVarsInLog = 0;
		};
		F58B0864175F16EA5E42A396 /* [CP] Copy Pods Resources */ = {
			isa = PBXShellScriptBuildPhase;
			buildActionMask = 2147483647;
			files = (
			);
			inputPaths = (
			);
			name = "[CP] Copy Pods Resources";
			outputPaths = (
			);
			runOnlyForDeploymentPostprocessing = 0;
			shellPath = /bin/sh;
			shellScript = "\"${SRCROOT}/Pods/Target Support Files/Pods-z-line/Pods-z-line-resources.sh\"\n";
			showEnvVarsInLog = 0;
		};
/* End PBXShellScriptBuildPhase section */

/* Begin PBXSourcesBuildPhase section */
		93EC73511E25DE040068EB1D /* Sources */ = {
			isa = PBXSourcesBuildPhase;
			buildActionMask = 2147483647;
			files = (
				936653921E2B3318008A9A7C /* MarkdownKeyboardUIView.swift in Sources */,
				9318388A1E274DBA004F018D /* MarkdownHelpViewController.swift in Sources */,
				9366538E1E2B2F6E008A9A7C /* MarkdownUIButton.swift in Sources */,
				9378164C1E2CB2AA000DBEF0 /* Shortcuts.swift in Sources */,
				931838861E2736B0004F018D /* NotePreviewViewController.swift in Sources */,
				93EC737E1E2711D70068EB1D /* NoteTableViewController.swift in Sources */,
				93EC73611E25DE040068EB1D /* z_line.xcdatamodeld in Sources */,
				931838941E292B6D004F018D /* NoteManagement.swift in Sources */,
				93AD10771E2983F10046D30E /* Markingbird.swift in Sources */,
				93EC737C1E2706760068EB1D /* Utilities.swift in Sources */,
				93EC73591E25DE040068EB1D /* AppDelegate.swift in Sources */,
				936653811E2AE163008A9A7C /* NoteTextViewController.swift in Sources */,
				936653941E2B548E008A9A7C /* NoteTableViewCell.swift in Sources */,
			);
			runOnlyForDeploymentPostprocessing = 0;
		};
		93EC73681E25DE050068EB1D /* Sources */ = {
			isa = PBXSourcesBuildPhase;
			buildActionMask = 2147483647;
			files = (
				93EC73711E25DE050068EB1D /* z_lineTests.swift in Sources */,
			);
			runOnlyForDeploymentPostprocessing = 0;
		};
/* End PBXSourcesBuildPhase section */

/* Begin PBXTargetDependency section */
		93EC736E1E25DE050068EB1D /* PBXTargetDependency */ = {
			isa = PBXTargetDependency;
			target = 93EC73541E25DE040068EB1D /* z-line */;
			targetProxy = 93EC736D1E25DE050068EB1D /* PBXContainerItemProxy */;
		};
/* End PBXTargetDependency section */

/* Begin PBXVariantGroup section */
		93EC735C1E25DE040068EB1D /* Main.storyboard */ = {
			isa = PBXVariantGroup;
			children = (
				93EC735D1E25DE040068EB1D /* Base */,
			);
			name = Main.storyboard;
			sourceTree = "<group>";
		};
		93EC73641E25DE040068EB1D /* LaunchScreen.storyboard */ = {
			isa = PBXVariantGroup;
			children = (
				93EC73651E25DE040068EB1D /* Base */,
			);
			name = LaunchScreen.storyboard;
			sourceTree = "<group>";
		};
/* End PBXVariantGroup section */

/* Begin XCBuildConfiguration section */
		93EC73731E25DE050068EB1D /* Debug */ = {
			isa = XCBuildConfiguration;
			buildSettings = {
				ALWAYS_SEARCH_USER_PATHS = NO;
				CLANG_ANALYZER_NONNULL = YES;
				CLANG_CXX_LANGUAGE_STANDARD = "gnu++0x";
				CLANG_CXX_LIBRARY = "libc++";
				CLANG_ENABLE_MODULES = YES;
				CLANG_ENABLE_OBJC_ARC = YES;
				CLANG_WARN_BOOL_CONVERSION = YES;
				CLANG_WARN_CONSTANT_CONVERSION = YES;
				CLANG_WARN_DIRECT_OBJC_ISA_USAGE = YES_ERROR;
				CLANG_WARN_DOCUMENTATION_COMMENTS = YES;
				CLANG_WARN_EMPTY_BODY = YES;
				CLANG_WARN_ENUM_CONVERSION = YES;
				CLANG_WARN_INFINITE_RECURSION = YES;
				CLANG_WARN_INT_CONVERSION = YES;
				CLANG_WARN_OBJC_ROOT_CLASS = YES_ERROR;
				CLANG_WARN_SUSPICIOUS_MOVE = YES;
				CLANG_WARN_UNREACHABLE_CODE = YES;
				CLANG_WARN__DUPLICATE_METHOD_MATCH = YES;
				"CODE_SIGN_IDENTITY[sdk=iphoneos*]" = "iPhone Developer";
				COPY_PHASE_STRIP = NO;
				DEBUG_INFORMATION_FORMAT = dwarf;
				ENABLE_STRICT_OBJC_MSGSEND = YES;
				ENABLE_TESTABILITY = YES;
				GCC_C_LANGUAGE_STANDARD = gnu99;
				GCC_DYNAMIC_NO_PIC = NO;
				GCC_NO_COMMON_BLOCKS = YES;
				GCC_OPTIMIZATION_LEVEL = 0;
				GCC_PREPROCESSOR_DEFINITIONS = (
					"DEBUG=1",
					"$(inherited)",
				);
				GCC_WARN_64_TO_32_BIT_CONVERSION = YES;
				GCC_WARN_ABOUT_RETURN_TYPE = YES_ERROR;
				GCC_WARN_UNDECLARED_SELECTOR = YES;
				GCC_WARN_UNINITIALIZED_AUTOS = YES_AGGRESSIVE;
				GCC_WARN_UNUSED_FUNCTION = YES;
				GCC_WARN_UNUSED_VARIABLE = YES;
				IPHONEOS_DEPLOYMENT_TARGET = 10.2;
				MTL_ENABLE_DEBUG_INFO = YES;
				ONLY_ACTIVE_ARCH = YES;
				SDKROOT = iphoneos;
				SWIFT_ACTIVE_COMPILATION_CONDITIONS = DEBUG;
				SWIFT_OPTIMIZATION_LEVEL = "-Onone";
			};
			name = Debug;
		};
		93EC73741E25DE050068EB1D /* Release */ = {
			isa = XCBuildConfiguration;
			buildSettings = {
				ALWAYS_SEARCH_USER_PATHS = NO;
				CLANG_ANALYZER_NONNULL = YES;
				CLANG_CXX_LANGUAGE_STANDARD = "gnu++0x";
				CLANG_CXX_LIBRARY = "libc++";
				CLANG_ENABLE_MODULES = YES;
				CLANG_ENABLE_OBJC_ARC = YES;
				CLANG_WARN_BOOL_CONVERSION = YES;
				CLANG_WARN_CONSTANT_CONVERSION = YES;
				CLANG_WARN_DIRECT_OBJC_ISA_USAGE = YES_ERROR;
				CLANG_WARN_DOCUMENTATION_COMMENTS = YES;
				CLANG_WARN_EMPTY_BODY = YES;
				CLANG_WARN_ENUM_CONVERSION = YES;
				CLANG_WARN_INFINITE_RECURSION = YES;
				CLANG_WARN_INT_CONVERSION = YES;
				CLANG_WARN_OBJC_ROOT_CLASS = YES_ERROR;
				CLANG_WARN_SUSPICIOUS_MOVE = YES;
				CLANG_WARN_UNREACHABLE_CODE = YES;
				CLANG_WARN__DUPLICATE_METHOD_MATCH = YES;
				"CODE_SIGN_IDENTITY[sdk=iphoneos*]" = "iPhone Developer";
				COPY_PHASE_STRIP = NO;
				DEBUG_INFORMATION_FORMAT = "dwarf-with-dsym";
				ENABLE_NS_ASSERTIONS = NO;
				ENABLE_STRICT_OBJC_MSGSEND = YES;
				GCC_C_LANGUAGE_STANDARD = gnu99;
				GCC_NO_COMMON_BLOCKS = YES;
				GCC_WARN_64_TO_32_BIT_CONVERSION = YES;
				GCC_WARN_ABOUT_RETURN_TYPE = YES_ERROR;
				GCC_WARN_UNDECLARED_SELECTOR = YES;
				GCC_WARN_UNINITIALIZED_AUTOS = YES_AGGRESSIVE;
				GCC_WARN_UNUSED_FUNCTION = YES;
				GCC_WARN_UNUSED_VARIABLE = YES;
				IPHONEOS_DEPLOYMENT_TARGET = 10.2;
				MTL_ENABLE_DEBUG_INFO = NO;
				SDKROOT = iphoneos;
				SWIFT_OPTIMIZATION_LEVEL = "-Owholemodule";
				VALIDATE_PRODUCT = YES;
			};
			name = Release;
		};
		93EC73761E25DE050068EB1D /* Debug */ = {
			isa = XCBuildConfiguration;
			baseConfigurationReference = 92063A1A29F067C69A71404E /* Pods-z-line.debug.xcconfig */;
			buildSettings = {
				ASSETCATALOG_COMPILER_APPICON_NAME = AppIcon;
				DEVELOPMENT_TEAM = 9PPF82D26L;
				INFOPLIST_FILE = "z-line/Info.plist";
				IPHONEOS_DEPLOYMENT_TARGET = 10.0;
				LD_RUNPATH_SEARCH_PATHS = "$(inherited) @executable_path/Frameworks";
				PRODUCT_BUNDLE_IDENTIFIER = com.mechanicalog.zline;
				PRODUCT_NAME = "$(TARGET_NAME)";
				SWIFT_VERSION = 3.0;
			};
			name = Debug;
		};
		93EC73771E25DE050068EB1D /* Release */ = {
			isa = XCBuildConfiguration;
			baseConfigurationReference = E6677CEC5ED325849C329196 /* Pods-z-line.release.xcconfig */;
			buildSettings = {
				ASSETCATALOG_COMPILER_APPICON_NAME = AppIcon;
				DEVELOPMENT_TEAM = 9PPF82D26L;
				INFOPLIST_FILE = "z-line/Info.plist";
				IPHONEOS_DEPLOYMENT_TARGET = 10.0;
				LD_RUNPATH_SEARCH_PATHS = "$(inherited) @executable_path/Frameworks";
				PRODUCT_BUNDLE_IDENTIFIER = com.mechanicalog.zline;
				PRODUCT_NAME = "$(TARGET_NAME)";
				SWIFT_VERSION = 3.0;
			};
			name = Release;
		};
		93EC73791E25DE050068EB1D /* Debug */ = {
			isa = XCBuildConfiguration;
			buildSettings = {
				ALWAYS_EMBED_SWIFT_STANDARD_LIBRARIES = YES;
				BUNDLE_LOADER = "$(TEST_HOST)";
				DEVELOPMENT_TEAM = 9PPF82D26L;
				INFOPLIST_FILE = "z-lineTests/Info.plist";
				LD_RUNPATH_SEARCH_PATHS = "$(inherited) @executable_path/Frameworks @loader_path/Frameworks";
				PRODUCT_BUNDLE_IDENTIFIER = "com.mechancalog.z-lineTests";
				PRODUCT_NAME = "$(TARGET_NAME)";
				SWIFT_VERSION = 3.0;
				TEST_HOST = "$(BUILT_PRODUCTS_DIR)/z-line.app/z-line";
			};
			name = Debug;
		};
		93EC737A1E25DE050068EB1D /* Release */ = {
			isa = XCBuildConfiguration;
			buildSettings = {
				ALWAYS_EMBED_SWIFT_STANDARD_LIBRARIES = YES;
				BUNDLE_LOADER = "$(TEST_HOST)";
				DEVELOPMENT_TEAM = 9PPF82D26L;
				INFOPLIST_FILE = "z-lineTests/Info.plist";
				LD_RUNPATH_SEARCH_PATHS = "$(inherited) @executable_path/Frameworks @loader_path/Frameworks";
				PRODUCT_BUNDLE_IDENTIFIER = "com.mechancalog.z-lineTests";
				PRODUCT_NAME = "$(TARGET_NAME)";
				SWIFT_VERSION = 3.0;
				TEST_HOST = "$(BUILT_PRODUCTS_DIR)/z-line.app/z-line";
			};
			name = Release;
		};
/* End XCBuildConfiguration section */

/* Begin XCConfigurationList section */
		93EC73501E25DE040068EB1D /* Build configuration list for PBXProject "z-line" */ = {
			isa = XCConfigurationList;
			buildConfigurations = (
				93EC73731E25DE050068EB1D /* Debug */,
				93EC73741E25DE050068EB1D /* Release */,
			);
			defaultConfigurationIsVisible = 0;
			defaultConfigurationName = Release;
		};
		93EC73751E25DE050068EB1D /* Build configuration list for PBXNativeTarget "z-line" */ = {
			isa = XCConfigurationList;
			buildConfigurations = (
				93EC73761E25DE050068EB1D /* Debug */,
				93EC73771E25DE050068EB1D /* Release */,
			);
			defaultConfigurationIsVisible = 0;
			defaultConfigurationName = Release;
		};
		93EC73781E25DE050068EB1D /* Build configuration list for PBXNativeTarget "z-lineTests" */ = {
			isa = XCConfigurationList;
			buildConfigurations = (
				93EC73791E25DE050068EB1D /* Debug */,
				93EC737A1E25DE050068EB1D /* Release */,
			);
			defaultConfigurationIsVisible = 0;
			defaultConfigurationName = Release;
		};
/* End XCConfigurationList section */

/* Begin XCVersionGroup section */
		93EC735F1E25DE040068EB1D /* z_line.xcdatamodeld */ = {
			isa = XCVersionGroup;
			children = (
				93EC73601E25DE040068EB1D /* z_line.xcdatamodel */,
			);
			currentVersion = 93EC73601E25DE040068EB1D /* z_line.xcdatamodel */;
			path = z_line.xcdatamodeld;
			sourceTree = "<group>";
			versionGroupType = wrapper.xcdatamodel;
		};
/* End XCVersionGroup section */
	};
	rootObject = 93EC734D1E25DE040068EB1D /* Project object */;
}
